
Microsoft Visual Studio Solution File, Format Version 12.00
# Visual Studio 15
VisualStudioVersion = 15.0.27703.2026
MinimumVisualStudioVersion = 10.0.40219.1
Project("{9A19103F-16F7-4668-BE54-9A1E7A4F7556}") = "Phobos.Samples.ClusterPing", "Phobos.Samples.ClusterPing\Phobos.Samples.ClusterPing.csproj", "{CF70B392-1D75-449A-9C3D-F56251D49FA0}"
EndProject
Project("{9A19103F-16F7-4668-BE54-9A1E7A4F7556}") = "Phobos.Samples.Basic", "Phobos.Samples.Basic\Phobos.Samples.Basic.csproj", "{12C4B2C3-F9FB-4BCC-85A4-7A07A2390FF8}"
EndProject
Global
	GlobalSection(SolutionConfigurationPlatforms) = preSolution
		Debug|Any CPU = Debug|Any CPU
		Release|Any CPU = Release|Any CPU
	EndGlobalSection
	GlobalSection(ProjectConfigurationPlatforms) = postSolution
		{CF70B392-1D75-449A-9C3D-F56251D49FA0}.Debug|Any CPU.ActiveCfg = Debug|Any CPU
		{CF70B392-1D75-449A-9C3D-F56251D49FA0}.Debug|Any CPU.Build.0 = Debug|Any CPU
		{CF70B392-1D75-449A-9C3D-F56251D49FA0}.Release|Any CPU.ActiveCfg = Release|Any CPU
		{CF70B392-1D75-449A-9C3D-F56251D49FA0}.Release|Any CPU.Build.0 = Release|Any CPU
		{12C4B2C3-F9FB-4BCC-85A4-7A07A2390FF8}.Debug|Any CPU.ActiveCfg = Debug|Any CPU
		{12C4B2C3-F9FB-4BCC-85A4-7A07A2390FF8}.Debug|Any CPU.Build.0 = Debug|Any CPU
		{12C4B2C3-F9FB-4BCC-85A4-7A07A2390FF8}.Release|Any CPU.ActiveCfg = Release|Any CPU
		{12C4B2C3-F9FB-4BCC-85A4-7A07A2390FF8}.Release|Any CPU.Build.0 = Release|Any CPU
	EndGlobalSection
	GlobalSection(SolutionProperties) = preSolution
		HideSolutionNode = FALSE
	EndGlobalSection
	GlobalSection(ExtensibilityGlobals) = postSolution
		SolutionGuid = {FE4A2823-E8CB-4EDE-9224-03ECBA288468}
	EndGlobalSection
EndGlobal
